
Microsoft Visual Studio Solution File, Format Version 12.00
# Visual Studio 15
VisualStudioVersion = 15.0.28010.2019
MinimumVisualStudioVersion = 10.0.40219.1
Project("{FAE04EC0-301F-11D3-BF4B-00C04F79EFBC}") = "Fahim.Chat.UI", "Fahim.Chat.UI\Fahim.Chat.UI.csproj", "{17EFB2D9-A5D1-41E9-B0CC-65BF746E46FD}"
EndProject
Global
	GlobalSection(SolutionConfigurationPlatforms) = preSolution
		Debug|Any CPU = Debug|Any CPU
		Release|Any CPU = Release|Any CPU
	EndGlobalSection
	GlobalSection(ProjectConfigurationPlatforms) = postSolution
		{17EFB2D9-A5D1-41E9-B0CC-65BF746E46FD}.Debug|Any CPU.ActiveCfg = Debug|Any CPU
		{17EFB2D9-A5D1-41E9-B0CC-65BF746E46FD}.Debug|Any CPU.Build.0 = Debug|Any CPU
		{17EFB2D9-A5D1-41E9-B0CC-65BF746E46FD}.Release|Any CPU.ActiveCfg = Release|Any CPU
		{17EFB2D9-A5D1-41E9-B0CC-65BF746E46FD}.Release|Any CPU.Build.0 = Release|Any CPU
	EndGlobalSection
	GlobalSection(SolutionProperties) = preSolution
		HideSolutionNode = FALSE
	EndGlobalSection
	GlobalSection(ExtensibilityGlobals) = postSolution
		SolutionGuid = {D32C1C70-7102-4C5E-A604-3C1EAD08C445}
	EndGlobalSection
EndGlobal
